
Microsoft Visual Studio Solution File, Format Version 12.00
# Visual Studio Version 16
VisualStudioVersion = 16.0.29920.165
MinimumVisualStudioVersion = 10.0.40219.1
Project("{FAE04EC0-301F-11D3-BF4B-00C04F79EFBC}") = "CriptografiaConsole", "CriptografiaConsole\CriptografiaConsole.csproj", "{4D0549A3-8854-4D46-AB3A-EF2C6BB959F6}"
EndProject
Project("{9A19103F-16F7-4668-BE54-9A1E7A4F7556}") = "CriptografiaMyDrugs", "CriptografiaMyDrugs\CriptografiaMyDrugs.csproj", "{00C59AE4-8710-48C3-B5A9-F21AAF705ECB}"
EndProject
Global
	GlobalSection(SolutionConfigurationPlatforms) = preSolution
		Debug|Any CPU = Debug|Any CPU
		Release|Any CPU = Release|Any CPU
	EndGlobalSection
	GlobalSection(ProjectConfigurationPlatforms) = postSolution
		{4D0549A3-8854-4D46-AB3A-EF2C6BB959F6}.Debug|Any CPU.ActiveCfg = Debug|Any CPU
		{4D0549A3-8854-4D46-AB3A-EF2C6BB959F6}.Debug|Any CPU.Build.0 = Debug|Any CPU
		{4D0549A3-8854-4D46-AB3A-EF2C6BB959F6}.Release|Any CPU.ActiveCfg = Release|Any CPU
		{4D0549A3-8854-4D46-AB3A-EF2C6BB959F6}.Release|Any CPU.Build.0 = Release|Any CPU
		{00C59AE4-8710-48C3-B5A9-F21AAF705ECB}.Debug|Any CPU.ActiveCfg = Debug|Any CPU
		{00C59AE4-8710-48C3-B5A9-F21AAF705ECB}.Debug|Any CPU.Build.0 = Debug|Any CPU
		{00C59AE4-8710-48C3-B5A9-F21AAF705ECB}.Release|Any CPU.ActiveCfg = Release|Any CPU
		{00C59AE4-8710-48C3-B5A9-F21AAF705ECB}.Release|Any CPU.Build.0 = Release|Any CPU
	EndGlobalSection
	GlobalSection(SolutionProperties) = preSolution
		HideSolutionNode = FALSE
	EndGlobalSection
	GlobalSection(ExtensibilityGlobals) = postSolution
		SolutionGuid = {A21C75D8-BB9D-4260-B562-7F128EB4F505}
	EndGlobalSection
EndGlobal
